
Microsoft Visual Studio Solution File, Format Version 12.00
# Visual Studio Version 16
VisualStudioVersion = 16.0.31229.75
MinimumVisualStudioVersion = 10.0.40219.1
Project("{FAE04EC0-301F-11D3-BF4B-00C04F79EFBC}") = "CursoASP", "CursoASP\CursoASP.csproj", "{34F28C65-294D-4558-89AC-A76FCD48378C}"
EndProject
Project("{FAE04EC0-301F-11D3-BF4B-00C04F79EFBC}") = "RadioBtn", "RadioBtn\RadioBtn.csproj", "{D8FE5FA6-8058-4417-8171-009905230788}"
EndProject
Project("{FAE04EC0-301F-11D3-BF4B-00C04F79EFBC}") = "HyperLinkButton", "HyperLinkButton\HyperLinkButton.csproj", "{38B107EA-2943-4CDD-9617-F535EF263C06}"
EndProject
Project("{FAE04EC0-301F-11D3-BF4B-00C04F79EFBC}") = "DropDownList", "DropDownList\DropDownList.csproj", "{0352B5EA-FE1B-44CE-BFCB-B6364A8ECBD0}"
EndProject
Project("{FAE04EC0-301F-11D3-BF4B-00C04F79EFBC}") = "SQLConnection", "SQLConnection\SQLConnection.csproj", "{6F856165-E3B0-4C2E-98BB-13C09B5D30FD}"
EndProject
Project("{FAE04EC0-301F-11D3-BF4B-00C04F79EFBC}") = "WebServiceApp", "WebServiceApp\WebServiceApp.csproj", "{94B48AC1-084C-42E2-BF6F-3742A7EC6A50}"
EndProject
Global
	GlobalSection(SolutionConfigurationPlatforms) = preSolution
		Debug|Any CPU = Debug|Any CPU
		Release|Any CPU = Release|Any CPU
	EndGlobalSection
	GlobalSection(ProjectConfigurationPlatforms) = postSolution
		{34F28C65-294D-4558-89AC-A76FCD48378C}.Debug|Any CPU.ActiveCfg = Debug|Any CPU
		{34F28C65-294D-4558-89AC-A76FCD48378C}.Debug|Any CPU.Build.0 = Debug|Any CPU
		{34F28C65-294D-4558-89AC-A76FCD48378C}.Release|Any CPU.ActiveCfg = Release|Any CPU
		{34F28C65-294D-4558-89AC-A76FCD48378C}.Release|Any CPU.Build.0 = Release|Any CPU
		{D8FE5FA6-8058-4417-8171-009905230788}.Debug|Any CPU.ActiveCfg = Debug|Any CPU
		{D8FE5FA6-8058-4417-8171-009905230788}.Debug|Any CPU.Build.0 = Debug|Any CPU
		{D8FE5FA6-8058-4417-8171-009905230788}.Release|Any CPU.ActiveCfg = Release|Any CPU
		{D8FE5FA6-8058-4417-8171-009905230788}.Release|Any CPU.Build.0 = Release|Any CPU
		{38B107EA-2943-4CDD-9617-F535EF263C06}.Debug|Any CPU.ActiveCfg = Debug|Any CPU
		{38B107EA-2943-4CDD-9617-F535EF263C06}.Debug|Any CPU.Build.0 = Debug|Any CPU
		{38B107EA-2943-4CDD-9617-F535EF263C06}.Release|Any CPU.ActiveCfg = Release|Any CPU
		{38B107EA-2943-4CDD-9617-F535EF263C06}.Release|Any CPU.Build.0 = Release|Any CPU
		{0352B5EA-FE1B-44CE-BFCB-B6364A8ECBD0}.Debug|Any CPU.ActiveCfg = Debug|Any CPU
		{0352B5EA-FE1B-44CE-BFCB-B6364A8ECBD0}.Debug|Any CPU.Build.0 = Debug|Any CPU
		{0352B5EA-FE1B-44CE-BFCB-B6364A8ECBD0}.Release|Any CPU.ActiveCfg = Release|Any CPU
		{0352B5EA-FE1B-44CE-BFCB-B6364A8ECBD0}.Release|Any CPU.Build.0 = Release|Any CPU
		{6F856165-E3B0-4C2E-98BB-13C09B5D30FD}.Debug|Any CPU.ActiveCfg = Debug|Any CPU
		{6F856165-E3B0-4C2E-98BB-13C09B5D30FD}.Debug|Any CPU.Build.0 = Debug|Any CPU
		{6F856165-E3B0-4C2E-98BB-13C09B5D30FD}.Release|Any CPU.ActiveCfg = Release|Any CPU
		{6F856165-E3B0-4C2E-98BB-13C09B5D30FD}.Release|Any CPU.Build.0 = Release|Any CPU
		{94B48AC1-084C-42E2-BF6F-3742A7EC6A50}.Debug|Any CPU.ActiveCfg = Debug|Any CPU
		{94B48AC1-084C-42E2-BF6F-3742A7EC6A50}.Debug|Any CPU.Build.0 = Debug|Any CPU
		{94B48AC1-084C-42E2-BF6F-3742A7EC6A50}.Release|Any CPU.ActiveCfg = Release|Any CPU
		{94B48AC1-084C-42E2-BF6F-3742A7EC6A50}.Release|Any CPU.Build.0 = Release|Any CPU
	EndGlobalSection
	GlobalSection(SolutionProperties) = preSolution
		HideSolutionNode = FALSE
	EndGlobalSection
	GlobalSection(ExtensibilityGlobals) = postSolution
		SolutionGuid = {181B4743-970B-48F5-B59F-2C04D8541553}
	EndGlobalSection
EndGlobal
